
Microsoft Visual Studio Solution File, Format Version 12.00
# Visual Studio Version 17
VisualStudioVersion = 17.11.35327.3
MinimumVisualStudioVersion = 10.0.40219.1
Project("{FAE04EC0-301F-11D3-BF4B-00C04F79EFBC}") = "CricketScoreboard", "CricketScoreboard\CricketScoreboard.csproj", "{00D912D8-BD24-47E5-AF63-8CAFC154E90D}"
EndProject
Global
	GlobalSection(SolutionConfigurationPlatforms) = preSolution
		Debug|Any CPU = Debug|Any CPU
		Release|Any CPU = Release|Any CPU
	EndGlobalSection
	GlobalSection(ProjectConfigurationPlatforms) = postSolution
		{00D912D8-BD24-47E5-AF63-8CAFC154E90D}.Debug|Any CPU.ActiveCfg = Debug|Any CPU
		{00D912D8-BD24-47E5-AF63-8CAFC154E90D}.Debug|Any CPU.Build.0 = Debug|Any CPU
		{00D912D8-BD24-47E5-AF63-8CAFC154E90D}.Release|Any CPU.ActiveCfg = Release|Any CPU
		{00D912D8-BD24-47E5-AF63-8CAFC154E90D}.Release|Any CPU.Build.0 = Release|Any CPU
	EndGlobalSection
	GlobalSection(SolutionProperties) = preSolution
		HideSolutionNode = FALSE
	EndGlobalSection
	GlobalSection(ExtensibilityGlobals) = postSolution
		SolutionGuid = {DFB8C910-5536-42DD-BB6C-2A4B05FC9B66}
	EndGlobalSection
EndGlobal
